
Microsoft Visual Studio Solution File, Format Version 12.00
# Visual Studio Version 17
VisualStudioVersion = 17.0.32112.339
MinimumVisualStudioVersion = 10.0.40219.1
Project("{FAE04EC0-301F-11D3-BF4B-00C04F79EFBC}") = "Function_Overloading", "Function_Overloading\Function_Overloading.csproj", "{E60B7997-FE61-4792-AA11-21F34DB9C541}"
EndProject
Global
	GlobalSection(SolutionConfigurationPlatforms) = preSolution
		Debug|Any CPU = Debug|Any CPU
		Release|Any CPU = Release|Any CPU
	EndGlobalSection
	GlobalSection(ProjectConfigurationPlatforms) = postSolution
		{E60B7997-FE61-4792-AA11-21F34DB9C541}.Debug|Any CPU.ActiveCfg = Debug|Any CPU
		{E60B7997-FE61-4792-AA11-21F34DB9C541}.Debug|Any CPU.Build.0 = Debug|Any CPU
		{E60B7997-FE61-4792-AA11-21F34DB9C541}.Release|Any CPU.ActiveCfg = Release|Any CPU
		{E60B7997-FE61-4792-AA11-21F34DB9C541}.Release|Any CPU.Build.0 = Release|Any CPU
	EndGlobalSection
	GlobalSection(SolutionProperties) = preSolution
		HideSolutionNode = FALSE
	EndGlobalSection
	GlobalSection(ExtensibilityGlobals) = postSolution
		SolutionGuid = {6CDF31C6-4EA0-44DE-8EE8-2A7DD1877210}
	EndGlobalSection
EndGlobal
