
Microsoft Visual Studio Solution File, Format Version 12.00
# Visual Studio Version 17
VisualStudioVersion = 17.0.32112.339
MinimumVisualStudioVersion = 10.0.40219.1
Project("{FAE04EC0-301F-11D3-BF4B-00C04F79EFBC}") = "Factorial", "Factorial\Factorial.csproj", "{015CA55C-F53E-429D-92E9-F0D9C6F7814B}"
EndProject
Global
	GlobalSection(SolutionConfigurationPlatforms) = preSolution
		Debug|Any CPU = Debug|Any CPU
		Release|Any CPU = Release|Any CPU
	EndGlobalSection
	GlobalSection(ProjectConfigurationPlatforms) = postSolution
		{015CA55C-F53E-429D-92E9-F0D9C6F7814B}.Debug|Any CPU.ActiveCfg = Debug|Any CPU
		{015CA55C-F53E-429D-92E9-F0D9C6F7814B}.Debug|Any CPU.Build.0 = Debug|Any CPU
		{015CA55C-F53E-429D-92E9-F0D9C6F7814B}.Release|Any CPU.ActiveCfg = Release|Any CPU
		{015CA55C-F53E-429D-92E9-F0D9C6F7814B}.Release|Any CPU.Build.0 = Release|Any CPU
	EndGlobalSection
	GlobalSection(SolutionProperties) = preSolution
		HideSolutionNode = FALSE
	EndGlobalSection
	GlobalSection(ExtensibilityGlobals) = postSolution
		SolutionGuid = {91223AA1-34FB-447B-9FA0-109461CE52AD}
	EndGlobalSection
EndGlobal
